
Microsoft Visual Studio Solution File, Format Version 12.00
# Visual Studio Version 17
VisualStudioVersion = 17.0.31903.59
MinimumVisualStudioVersion = 10.0.40219.1
Project("{2150E333-8FDC-42A3-9474-1A3956D46DE8}") = "src", "src", "{CC9D06F8-09DE-42C8-9095-07CF870F0220}"
EndProject
Project("{FAE04EC0-301F-11D3-BF4B-00C04F79EFBC}") = "Satori.Core", "src\Satori.Core\Satori.Core.csproj", "{E67CFE8A-5755-4C4B-821D-703936E953AE}"
EndProject
Project("{FAE04EC0-301F-11D3-BF4B-00C04F79EFBC}") = "Satori.Client", "src\Satori.Client\Satori.Client.csproj", "{4868FA4F-AF93-4F65-9657-6B6CFF33D461}"
EndProject
Project("{FAE04EC0-301F-11D3-BF4B-00C04F79EFBC}") = "Satori.Desktop", "src\Satori.Desktop\Satori.Desktop.csproj", "{B01E4701-49C1-4B19-871C-5A733BA1B37E}"
EndProject
Project("{FAE04EC0-301F-11D3-BF4B-00C04F79EFBC}") = "Satori.Tests", "src\Satori.Tests\Satori.Tests.csproj", "{75B83B4E-B349-4247-8FFB-D54CB5A3E3D3}"
EndProject
Project("{FAE04EC0-301F-11D3-BF4B-00C04F79EFBC}") = "Satori.Windows", "src\Satori.Windows\Satori.Windows.csproj", "{43B9100E-703E-427F-ADBF-2D0B858EA2CD}"
EndProject
Global
	GlobalSection(SolutionConfigurationPlatforms) = preSolution
		Debug|Any CPU = Debug|Any CPU
		Release|Any CPU = Release|Any CPU
	EndGlobalSection
	GlobalSection(SolutionProperties) = preSolution
		HideSolutionNode = FALSE
	EndGlobalSection
	GlobalSection(ProjectConfigurationPlatforms) = postSolution
		{E67CFE8A-5755-4C4B-821D-703936E953AE}.Debug|Any CPU.ActiveCfg = Debug|Any CPU
		{E67CFE8A-5755-4C4B-821D-703936E953AE}.Debug|Any CPU.Build.0 = Debug|Any CPU
		{E67CFE8A-5755-4C4B-821D-703936E953AE}.Release|Any CPU.ActiveCfg = Release|Any CPU
		{E67CFE8A-5755-4C4B-821D-703936E953AE}.Release|Any CPU.Build.0 = Release|Any CPU
		{4868FA4F-AF93-4F65-9657-6B6CFF33D461}.Debug|Any CPU.ActiveCfg = Debug|Any CPU
		{4868FA4F-AF93-4F65-9657-6B6CFF33D461}.Debug|Any CPU.Build.0 = Debug|Any CPU
		{4868FA4F-AF93-4F65-9657-6B6CFF33D461}.Release|Any CPU.ActiveCfg = Release|Any CPU
		{4868FA4F-AF93-4F65-9657-6B6CFF33D461}.Release|Any CPU.Build.0 = Release|Any CPU
		{B01E4701-49C1-4B19-871C-5A733BA1B37E}.Debug|Any CPU.ActiveCfg = Debug|Any CPU
		{B01E4701-49C1-4B19-871C-5A733BA1B37E}.Debug|Any CPU.Build.0 = Debug|Any CPU
		{B01E4701-49C1-4B19-871C-5A733BA1B37E}.Release|Any CPU.ActiveCfg = Release|Any CPU
		{B01E4701-49C1-4B19-871C-5A733BA1B37E}.Release|Any CPU.Build.0 = Release|Any CPU
		{75B83B4E-B349-4247-8FFB-D54CB5A3E3D3}.Debug|Any CPU.ActiveCfg = Debug|Any CPU
		{75B83B4E-B349-4247-8FFB-D54CB5A3E3D3}.Debug|Any CPU.Build.0 = Debug|Any CPU
		{75B83B4E-B349-4247-8FFB-D54CB5A3E3D3}.Release|Any CPU.ActiveCfg = Release|Any CPU
		{75B83B4E-B349-4247-8FFB-D54CB5A3E3D3}.Release|Any CPU.Build.0 = Release|Any CPU
		{43B9100E-703E-427F-ADBF-2D0B858EA2CD}.Debug|Any CPU.ActiveCfg = Debug|Any CPU
		{43B9100E-703E-427F-ADBF-2D0B858EA2CD}.Debug|Any CPU.Build.0 = Debug|Any CPU
		{43B9100E-703E-427F-ADBF-2D0B858EA2CD}.Release|Any CPU.ActiveCfg = Release|Any CPU
		{43B9100E-703E-427F-ADBF-2D0B858EA2CD}.Release|Any CPU.Build.0 = Release|Any CPU
	EndGlobalSection
	GlobalSection(NestedProjects) = preSolution
		{E67CFE8A-5755-4C4B-821D-703936E953AE} = {CC9D06F8-09DE-42C8-9095-07CF870F0220}
		{4868FA4F-AF93-4F65-9657-6B6CFF33D461} = {CC9D06F8-09DE-42C8-9095-07CF870F0220}
		{B01E4701-49C1-4B19-871C-5A733BA1B37E} = {CC9D06F8-09DE-42C8-9095-07CF870F0220}
		{75B83B4E-B349-4247-8FFB-D54CB5A3E3D3} = {CC9D06F8-09DE-42C8-9095-07CF870F0220}
		{43B9100E-703E-427F-ADBF-2D0B858EA2CD} = {CC9D06F8-09DE-42C8-9095-07CF870F0220}
	EndGlobalSection
EndGlobal
